// !$*UTF8*$!
{
	archiveVersion = 1;
	classes = {
	};
	objectVersion = 55;
	objects = {

/* Begin PBXBuildFile section */
		010F1CCE270B31C70089EF86 /* UIView+Extension.swift in Sources */ = {isa = PBXBuildFile; fileRef = 010F1CCD270B31C70089EF86 /* UIView+Extension.swift */; };
		01207BC9270A6D5200E363F3 /* AppDelegate.swift in Sources */ = {isa = PBXBuildFile; fileRef = 01207BC8270A6D5200E363F3 /* AppDelegate.swift */; };
		01207BCB270A6D5200E363F3 /* SceneDelegate.swift in Sources */ = {isa = PBXBuildFile; fileRef = 01207BCA270A6D5200E363F3 /* SceneDelegate.swift */; };
		01207BCD270A6D5200E363F3 /* MainViewController.swift in Sources */ = {isa = PBXBuildFile; fileRef = 01207BCC270A6D5200E363F3 /* MainViewController.swift */; };
		01207BD2270A6D5700E363F3 /* Assets.xcassets in Resources */ = {isa = PBXBuildFile; fileRef = 01207BD1270A6D5700E363F3 /* Assets.xcassets */; };
		01207BD5270A6D5700E363F3 /* LaunchScreen.storyboard in Resources */ = {isa = PBXBuildFile; fileRef = 01207BD3270A6D5700E363F3 /* LaunchScreen.storyboard */; };
		015C4B84270CEA74001A9D1B /* NewsCell.swift in Sources */ = {isa = PBXBuildFile; fileRef = 015C4B83270CEA74001A9D1B /* NewsCell.swift */; };
		015C4B87270D1382001A9D1B /* News.swift in Sources */ = {isa = PBXBuildFile; fileRef = 015C4B86270D1382001A9D1B /* News.swift */; };
		019E66E72713653E0042B28B /* SNHeadlineLabel.swift in Sources */ = {isa = PBXBuildFile; fileRef = 019E66E62713653E0042B28B /* SNHeadlineLabel.swift */; };
		019E66E9271368810042B28B /* SNTimestampLabel.swift in Sources */ = {isa = PBXBuildFile; fileRef = 019E66E8271368810042B28B /* SNTimestampLabel.swift */; };
		019E66EB27136A490042B28B /* SNNewsImageView.swift in Sources */ = {isa = PBXBuildFile; fileRef = 019E66EA27136A490042B28B /* SNNewsImageView.swift */; };
		019E66ED27136EBF0042B28B /* SNContentView.swift in Sources */ = {isa = PBXBuildFile; fileRef = 019E66EC27136EBF0042B28B /* SNContentView.swift */; };
		019E66F027137E5A0042B28B /* SNResponse.swift in Sources */ = {isa = PBXBuildFile; fileRef = 019E66EF27137E5A0042B28B /* SNResponse.swift */; };
		019E66F227138C5D0042B28B /* Article.swift in Sources */ = {isa = PBXBuildFile; fileRef = 019E66F127138C5D0042B28B /* Article.swift */; };
		019E66F427138C810042B28B /* Source.swift in Sources */ = {isa = PBXBuildFile; fileRef = 019E66F327138C810042B28B /* Source.swift */; };
		019E6708271465620042B28B /* NetworkManager.swift in Sources */ = {isa = PBXBuildFile; fileRef = 019E6707271465620042B28B /* NetworkManager.swift */; };
		019E670A271467BC0042B28B /* SNError.swift in Sources */ = {isa = PBXBuildFile; fileRef = 019E6709271467BC0042B28B /* SNError.swift */; };
		01B43A47270E39B6003CC4B8 /* Constants.swift in Sources */ = {isa = PBXBuildFile; fileRef = 01B43A46270E39B6003CC4B8 /* Constants.swift */; };
/* End PBXBuildFile section */

/* Begin PBXFileReference section */
		010F1CCD270B31C70089EF86 /* UIView+Extension.swift */ = {isa = PBXFileReference; lastKnownFileType = sourcecode.swift; path = "UIView+Extension.swift"; sourceTree = "<group>"; };
		01207BC5270A6D5200E363F3 /* SimplyNews.app */ = {isa = PBXFileReference; explicitFileType = wrapper.application; includeInIndex = 0; path = SimplyNews.app; sourceTree = BUILT_PRODUCTS_DIR; };
		01207BC8270A6D5200E363F3 /* AppDelegate.swift */ = {isa = PBXFileReference; lastKnownFileType = sourcecode.swift; path = AppDelegate.swift; sourceTree = "<group>"; };
		01207BCA270A6D5200E363F3 /* SceneDelegate.swift */ = {isa = PBXFileReference; lastKnownFileType = sourcecode.swift; path = SceneDelegate.swift; sourceTree = "<group>"; };
		01207BCC270A6D5200E363F3 /* MainViewController.swift */ = {isa = PBXFileReference; lastKnownFileType = sourcecode.swift; path = MainViewController.swift; sourceTree = "<group>"; };
		01207BD1270A6D5700E363F3 /* Assets.xcassets */ = {isa = PBXFileReference; lastKnownFileType = folder.assetcatalog; path = Assets.xcassets; sourceTree = "<group>"; };
		01207BD4270A6D5700E363F3 /* Base */ = {isa = PBXFileReference; lastKnownFileType = file.storyboard; name = Base; path = Base.lproj/LaunchScreen.storyboard; sourceTree = "<group>"; };
		01207BD6270A6D5700E363F3 /* Info.plist */ = {isa = PBXFileReference; lastKnownFileType = text.plist.xml; path = Info.plist; sourceTree = "<group>"; };
		015C4B83270CEA74001A9D1B /* NewsCell.swift */ = {isa = PBXFileReference; lastKnownFileType = sourcecode.swift; path = NewsCell.swift; sourceTree = "<group>"; };
		015C4B86270D1382001A9D1B /* News.swift */ = {isa = PBXFileReference; lastKnownFileType = sourcecode.swift; path = News.swift; sourceTree = "<group>"; };
		019E66E62713653E0042B28B /* SNHeadlineLabel.swift */ = {isa = PBXFileReference; lastKnownFileType = sourcecode.swift; path = SNHeadlineLabel.swift; sourceTree = "<group>"; };
		019E66E8271368810042B28B /* SNTimestampLabel.swift */ = {isa = PBXFileReference; lastKnownFileType = sourcecode.swift; path = SNTimestampLabel.swift; sourceTree = "<group>"; };
		019E66EA27136A490042B28B /* SNNewsImageView.swift */ = {isa = PBXFileReference; lastKnownFileType = sourcecode.swift; path = SNNewsImageView.swift; sourceTree = "<group>"; };
		019E66EC27136EBF0042B28B /* SNContentView.swift */ = {isa = PBXFileReference; lastKnownFileType = sourcecode.swift; path = SNContentView.swift; sourceTree = "<group>"; };
		019E66EF27137E5A0042B28B /* SNResponse.swift */ = {isa = PBXFileReference; lastKnownFileType = sourcecode.swift; path = SNResponse.swift; sourceTree = "<group>"; };
		019E66F127138C5D0042B28B /* Article.swift */ = {isa = PBXFileReference; lastKnownFileType = sourcecode.swift; path = Article.swift; sourceTree = "<group>"; };
		019E66F327138C810042B28B /* Source.swift */ = {isa = PBXFileReference; lastKnownFileType = sourcecode.swift; path = Source.swift; sourceTree = "<group>"; };
		019E6707271465620042B28B /* NetworkManager.swift */ = {isa = PBXFileReference; lastKnownFileType = sourcecode.swift; path = NetworkManager.swift; sourceTree = "<group>"; };
		019E6709271467BC0042B28B /* SNError.swift */ = {isa = PBXFileReference; lastKnownFileType = sourcecode.swift; path = SNError.swift; sourceTree = "<group>"; };
		01B43A46270E39B6003CC4B8 /* Constants.swift */ = {isa = PBXFileReference; lastKnownFileType = sourcecode.swift; path = Constants.swift; sourceTree = "<group>"; };
/* End PBXFileReference section */

/* Begin PBXFrameworksBuildPhase section */
		01207BC2270A6D5200E363F3 /* Frameworks */ = {
			isa = PBXFrameworksBuildPhase;
			buildActionMask = 2147483647;
			files = (
			);
			runOnlyForDeploymentPostprocessing = 0;
		};
/* End PBXFrameworksBuildPhase section */

/* Begin PBXGroup section */
		01207BBC270A6D5200E363F3 = {
			isa = PBXGroup;
			children = (
				01207BC7270A6D5200E363F3 /* SimplyNews */,
				01207BC6270A6D5200E363F3 /* Products */,
			);
			sourceTree = "<group>";
		};
		01207BC6270A6D5200E363F3 /* Products */ = {
			isa = PBXGroup;
			children = (
				01207BC5270A6D5200E363F3 /* SimplyNews.app */,
			);
			name = Products;
			sourceTree = "<group>";
		};
		01207BC7270A6D5200E363F3 /* SimplyNews */ = {
			isa = PBXGroup;
			children = (
				015C4B85270CEC73001A9D1B /* Supporting */,
				019E670B271467E70042B28B /* Utilites */,
				019E67062714653D0042B28B /* Managers */,
				019E66EE27137D7E0042B28B /* Model */,
				019E66E5271365070042B28B /* Custom Views */,
				019E670C2714712F0042B28B /* ViewControllers */,
				01207BD6270A6D5700E363F3 /* Info.plist */,
			);
			path = SimplyNews;
			sourceTree = "<group>";
		};
		015C4B85270CEC73001A9D1B /* Supporting */ = {
			isa = PBXGroup;
			children = (
				01207BC8270A6D5200E363F3 /* AppDelegate.swift */,
				01207BCA270A6D5200E363F3 /* SceneDelegate.swift */,
				01207BD1270A6D5700E363F3 /* Assets.xcassets */,
				01207BD3270A6D5700E363F3 /* LaunchScreen.storyboard */,
			);
			path = Supporting;
			sourceTree = "<group>";
		};
		019E66E5271365070042B28B /* Custom Views */ = {
			isa = PBXGroup;
			children = (
				019E66E62713653E0042B28B /* SNHeadlineLabel.swift */,
				019E66E8271368810042B28B /* SNTimestampLabel.swift */,
				019E66EA27136A490042B28B /* SNNewsImageView.swift */,
				019E66EC27136EBF0042B28B /* SNContentView.swift */,
				010F1CCD270B31C70089EF86 /* UIView+Extension.swift */,
				015C4B83270CEA74001A9D1B /* NewsCell.swift */,
			);
			path = "Custom Views";
			sourceTree = "<group>";
		};
		019E66EE27137D7E0042B28B /* Model */ = {
			isa = PBXGroup;
			children = (
				019E66EF27137E5A0042B28B /* SNResponse.swift */,
				019E66F127138C5D0042B28B /* Article.swift */,
				019E66F327138C810042B28B /* Source.swift */,
			);
			path = Model;
			sourceTree = "<group>";
		};
		019E67062714653D0042B28B /* Managers */ = {
			isa = PBXGroup;
			children = (
				019E6707271465620042B28B /* NetworkManager.swift */,
			);
			path = Managers;
			sourceTree = "<group>";
		};
		019E670B271467E70042B28B /* Utilites */ = {
			isa = PBXGroup;
			children = (
				01B43A46270E39B6003CC4B8 /* Constants.swift */,
				019E6709271467BC0042B28B /* SNError.swift */,
			);
			path = Utilites;
			sourceTree = "<group>";
		};
		019E670C2714712F0042B28B /* ViewControllers */ = {
			isa = PBXGroup;
			children = (
				01207BCC270A6D5200E363F3 /* MainViewController.swift */,
				015C4B86270D1382001A9D1B /* News.swift */,
			);
			path = ViewControllers;
			sourceTree = "<group>";
		};
/* End PBXGroup section */

/* Begin PBXNativeTarget section */
		01207BC4270A6D5200E363F3 /* SimplyNews */ = {
			isa = PBXNativeTarget;
			buildConfigurationList = 01207BD9270A6D5700E363F3 /* Build configuration list for PBXNativeTarget "SimplyNews" */;
			buildPhases = (
				01207BC1270A6D5200E363F3 /* Sources */,
				01207BC2270A6D5200E363F3 /* Frameworks */,
				01207BC3270A6D5200E363F3 /* Resources */,
			);
			buildRules = (
			);
			dependencies = (
			);
			name = SimplyNews;
			productName = SimplyNews;
			productReference = 01207BC5270A6D5200E363F3 /* SimplyNews.app */;
			productType = "com.apple.product-type.application";
		};
/* End PBXNativeTarget section */

/* Begin PBXProject section */
		01207BBD270A6D5200E363F3 /* Project object */ = {
			isa = PBXProject;
			attributes = {
				BuildIndependentTargetsInParallel = 1;
				LastSwiftUpdateCheck = 1300;
				LastUpgradeCheck = 1300;
				TargetAttributes = {
					01207BC4270A6D5200E363F3 = {
						CreatedOnToolsVersion = 13.0;
					};
				};
			};
			buildConfigurationList = 01207BC0270A6D5200E363F3 /* Build configuration list for PBXProject "SimplyNews" */;
			compatibilityVersion = "Xcode 13.0";
			developmentRegion = en;
			hasScannedForEncodings = 0;
			knownRegions = (
				en,
				Base,
			);
			mainGroup = 01207BBC270A6D5200E363F3;
			productRefGroup = 01207BC6270A6D5200E363F3 /* Products */;
			projectDirPath = "";
			projectRoot = "";
			targets = (
				01207BC4270A6D5200E363F3 /* SimplyNews */,
			);
		};
/* End PBXProject section */

/* Begin PBXResourcesBuildPhase section */
		01207BC3270A6D5200E363F3 /* Resources */ = {
			isa = PBXResourcesBuildPhase;
			buildActionMask = 2147483647;
			files = (
				01207BD5270A6D5700E363F3 /* LaunchScreen.storyboard in Resources */,
				01207BD2270A6D5700E363F3 /* Assets.xcassets in Resources */,
			);
			runOnlyForDeploymentPostprocessing = 0;
		};
/* End PBXResourcesBuildPhase section */

/* Begin PBXSourcesBuildPhase section */
		01207BC1270A6D5200E363F3 /* Sources */ = {
			isa = PBXSourcesBuildPhase;
			buildActionMask = 2147483647;
			files = (
				019E66F227138C5D0042B28B /* Article.swift in Sources */,
				015C4B87270D1382001A9D1B /* News.swift in Sources */,
				01207BCD270A6D5200E363F3 /* MainViewController.swift in Sources */,
				019E66EB27136A490042B28B /* SNNewsImageView.swift in Sources */,
				019E6708271465620042B28B /* NetworkManager.swift in Sources */,
				01207BC9270A6D5200E363F3 /* AppDelegate.swift in Sources */,
				019E66ED27136EBF0042B28B /* SNContentView.swift in Sources */,
				019E66F027137E5A0042B28B /* SNResponse.swift in Sources */,
				019E66F427138C810042B28B /* Source.swift in Sources */,
				019E66E9271368810042B28B /* SNTimestampLabel.swift in Sources */,
				015C4B84270CEA74001A9D1B /* NewsCell.swift in Sources */,
				01B43A47270E39B6003CC4B8 /* Constants.swift in Sources */,
				019E670A271467BC0042B28B /* SNError.swift in Sources */,
				019E66E72713653E0042B28B /* SNHeadlineLabel.swift in Sources */,
				010F1CCE270B31C70089EF86 /* UIView+Extension.swift in Sources */,
				01207BCB270A6D5200E363F3 /* SceneDelegate.swift in Sources */,
			);
			runOnlyForDeploymentPostprocessing = 0;
		};
/* End PBXSourcesBuildPhase section */

/* Begin PBXVariantGroup section */
		01207BD3270A6D5700E363F3 /* LaunchScreen.storyboard */ = {
			isa = PBXVariantGroup;
			children = (
				01207BD4270A6D5700E363F3 /* Base */,
			);
			name = LaunchScreen.storyboard;
			sourceTree = "<group>";
		};
/* End PBXVariantGroup section */

/* Begin XCBuildConfiguration section */
		01207BD7270A6D5700E363F3 /* Debug */ = {
			isa = XCBuildConfiguration;
			buildSettings = {
				ALWAYS_SEARCH_USER_PATHS = NO;
				CLANG_ANALYZER_NONNULL = YES;
				CLANG_ANALYZER_NUMBER_OBJECT_CONVERSION = YES_AGGRESSIVE;
				CLANG_CXX_LANGUAGE_STANDARD = "gnu++17";
				CLANG_CXX_LIBRARY = "libc++";
				CLANG_ENABLE_MODULES = YES;
				CLANG_ENABLE_OBJC_ARC = YES;
				CLANG_ENABLE_OBJC_WEAK = YES;
				CLANG_WARN_BLOCK_CAPTURE_AUTORELEASING = YES;
				CLANG_WARN_BOOL_CONVERSION = YES;
				CLANG_WARN_COMMA = YES;
				CLANG_WARN_CONSTANT_CONVERSION = YES;
				CLANG_WARN_DEPRECATED_OBJC_IMPLEMENTATIONS = YES;
				CLANG_WARN_DIRECT_OBJC_ISA_USAGE = YES_ERROR;
				CLANG_WARN_DOCUMENTATION_COMMENTS = YES;
				CLANG_WARN_EMPTY_BODY = YES;
				CLANG_WARN_ENUM_CONVERSION = YES;
				CLANG_WARN_INFINITE_RECURSION = YES;
				CLANG_WARN_INT_CONVERSION = YES;
				CLANG_WARN_NON_LITERAL_NULL_CONVERSION = YES;
				CLANG_WARN_OBJC_IMPLICIT_RETAIN_SELF = YES;
				CLANG_WARN_OBJC_LITERAL_CONVERSION = YES;
				CLANG_WARN_OBJC_ROOT_CLASS = YES_ERROR;
				CLANG_WARN_QUOTED_INCLUDE_IN_FRAMEWORK_HEADER = YES;
				CLANG_WARN_RANGE_LOOP_ANALYSIS = YES;
				CLANG_WARN_STRICT_PROTOTYPES = YES;
				CLANG_WARN_SUSPICIOUS_MOVE = YES;
				CLANG_WARN_UNGUARDED_AVAILABILITY = YES_AGGRESSIVE;
				CLANG_WARN_UNREACHABLE_CODE = YES;
				CLANG_WARN__DUPLICATE_METHOD_MATCH = YES;
				COPY_PHASE_STRIP = NO;
				DEBUG_INFORMATION_FORMAT = dwarf;
				ENABLE_STRICT_OBJC_MSGSEND = YES;
				ENABLE_TESTABILITY = YES;
				GCC_C_LANGUAGE_STANDARD = gnu11;
				GCC_DYNAMIC_NO_PIC = NO;
				GCC_NO_COMMON_BLOCKS = YES;
				GCC_OPTIMIZATION_LEVEL = 0;
				GCC_PREPROCESSOR_DEFINITIONS = (
					"DEBUG=1",
					"$(inherited)",
				);
				GCC_WARN_64_TO_32_BIT_CONVERSION = YES;
				GCC_WARN_ABOUT_RETURN_TYPE = YES_ERROR;
				GCC_WARN_UNDECLARED_SELECTOR = YES;
				GCC_WARN_UNINITIALIZED_AUTOS = YES_AGGRESSIVE;
				GCC_WARN_UNUSED_FUNCTION = YES;
				GCC_WARN_UNUSED_VARIABLE = YES;
				IPHONEOS_DEPLOYMENT_TARGET = 15.0;
				MTL_ENABLE_DEBUG_INFO = INCLUDE_SOURCE;
				MTL_FAST_MATH = YES;
				ONLY_ACTIVE_ARCH = YES;
				SDKROOT = iphoneos;
				SWIFT_ACTIVE_COMPILATION_CONDITIONS = DEBUG;
				SWIFT_OPTIMIZATION_LEVEL = "-Onone";
			};
			name = Debug;
		};
		01207BD8270A6D5700E363F3 /* Release */ = {
			isa = XCBuildConfiguration;
			buildSettings = {
				ALWAYS_SEARCH_USER_PATHS = NO;
				CLANG_ANALYZER_NONNULL = YES;
				CLANG_ANALYZER_NUMBER_OBJECT_CONVERSION = YES_AGGRESSIVE;
				CLANG_CXX_LANGUAGE_STANDARD = "gnu++17";
				CLANG_CXX_LIBRARY = "libc++";
				CLANG_ENABLE_MODULES = YES;
				CLANG_ENABLE_OBJC_ARC = YES;
				CLANG_ENABLE_OBJC_WEAK = YES;
				CLANG_WARN_BLOCK_CAPTURE_AUTORELEASING = YES;
				CLANG_WARN_BOOL_CONVERSION = YES;
				CLANG_WARN_COMMA = YES;
				CLANG_WARN_CONSTANT_CONVERSION = YES;
				CLANG_WARN_DEPRECATED_OBJC_IMPLEMENTATIONS = YES;
				CLANG_WARN_DIRECT_OBJC_ISA_USAGE = YES_ERROR;
				CLANG_WARN_DOCUMENTATION_COMMENTS = YES;
				CLANG_WARN_EMPTY_BODY = YES;
				CLANG_WARN_ENUM_CONVERSION = YES;
				CLANG_WARN_INFINITE_RECURSION = YES;
				CLANG_WARN_INT_CONVERSION = YES;
				CLANG_WARN_NON_LITERAL_NULL_CONVERSION = YES;
				CLANG_WARN_OBJC_IMPLICIT_RETAIN_SELF = YES;
				CLANG_WARN_OBJC_LITERAL_CONVERSION = YES;
				CLANG_WARN_OBJC_ROOT_CLASS = YES_ERROR;
				CLANG_WARN_QUOTED_INCLUDE_IN_FRAMEWORK_HEADER = YES;
				CLANG_WARN_RANGE_LOOP_ANALYSIS = YES;
				CLANG_WARN_STRICT_PROTOTYPES = YES;
				CLANG_WARN_SUSPICIOUS_MOVE = YES;
				CLANG_WARN_UNGUARDED_AVAILABILITY = YES_AGGRESSIVE;
				CLANG_WARN_UNREACHABLE_CODE = YES;
				CLANG_WARN__DUPLICATE_METHOD_MATCH = YES;
				COPY_PHASE_STRIP = NO;
				DEBUG_INFORMATION_FORMAT = "dwarf-with-dsym";
				ENABLE_NS_ASSERTIONS = NO;
				ENABLE_STRICT_OBJC_MSGSEND = YES;
				GCC_C_LANGUAGE_STANDARD = gnu11;
				GCC_NO_COMMON_BLOCKS = YES;
				GCC_WARN_64_TO_32_BIT_CONVERSION = YES;
				GCC_WARN_ABOUT_RETURN_TYPE = YES_ERROR;
				GCC_WARN_UNDECLARED_SELECTOR = YES;
				GCC_WARN_UNINITIALIZED_AUTOS = YES_AGGRESSIVE;
				GCC_WARN_UNUSED_FUNCTION = YES;
				GCC_WARN_UNUSED_VARIABLE = YES;
				IPHONEOS_DEPLOYMENT_TARGET = 15.0;
				MTL_ENABLE_DEBUG_INFO = NO;
				MTL_FAST_MATH = YES;
				SDKROOT = iphoneos;
				SWIFT_COMPILATION_MODE = wholemodule;
				SWIFT_OPTIMIZATION_LEVEL = "-O";
				VALIDATE_PRODUCT = YES;
			};
			name = Release;
		};
		01207BDA270A6D5700E363F3 /* Debug */ = {
			isa = XCBuildConfiguration;
			buildSettings = {
				ASSETCATALOG_COMPILER_APPICON_NAME = AppIcon;
				ASSETCATALOG_COMPILER_GLOBAL_ACCENT_COLOR_NAME = AccentColor;
				CODE_SIGN_STYLE = Automatic;
				CURRENT_PROJECT_VERSION = 1;
				DEVELOPMENT_TEAM = V88BNY2LA6;
				GENERATE_INFOPLIST_FILE = YES;
				INFOPLIST_FILE = SimplyNews/Info.plist;
				INFOPLIST_KEY_UIApplicationSupportsIndirectInputEvents = YES;
				INFOPLIST_KEY_UILaunchStoryboardName = LaunchScreen;
				INFOPLIST_KEY_UISupportedInterfaceOrientations = UIInterfaceOrientationPortrait;
				INFOPLIST_KEY_UISupportedInterfaceOrientations_iPad = "UIInterfaceOrientationPortrait UIInterfaceOrientationPortraitUpsideDown UIInterfaceOrientationLandscapeLeft UIInterfaceOrientationLandscapeRight";
				INFOPLIST_KEY_UISupportedInterfaceOrientations_iPhone = "UIInterfaceOrientationPortrait UIInterfaceOrientationLandscapeLeft UIInterfaceOrientationLandscapeRight";
				IPHONEOS_DEPLOYMENT_TARGET = 14.5;
				LD_RUNPATH_SEARCH_PATHS = (
					"$(inherited)",
					"@executable_path/Frameworks",
				);
				MARKETING_VERSION = 1.0;
				PRODUCT_BUNDLE_IDENTIFIER = dev.staceymoore.SimplyNews;
				PRODUCT_NAME = "$(TARGET_NAME)";
				SWIFT_EMIT_LOC_STRINGS = YES;
				SWIFT_VERSION = 5.0;
				TARGETED_DEVICE_FAMILY = 1;
			};
			name = Debug;
		};
		01207BDB270A6D5700E363F3 /* Release */ = {
			isa = XCBuildConfiguration;
			buildSettings = {
				ASSETCATALOG_COMPILER_APPICON_NAME = AppIcon;
				ASSETCATALOG_COMPILER_GLOBAL_ACCENT_COLOR_NAME = AccentColor;
				CODE_SIGN_STYLE = Automatic;
				CURRENT_PROJECT_VERSION = 1;
				DEVELOPMENT_TEAM = V88BNY2LA6;
				GENERATE_INFOPLIST_FILE = YES;
				INFOPLIST_FILE = SimplyNews/Info.plist;
				INFOPLIST_KEY_UIApplicationSupportsIndirectInputEvents = YES;
				INFOPLIST_KEY_UILaunchStoryboardName = LaunchScreen;
				INFOPLIST_KEY_UISupportedInterfaceOrientations = UIInterfaceOrientationPortrait;
				INFOPLIST_KEY_UISupportedInterfaceOrientations_iPad = "UIInterfaceOrientationPortrait UIInterfaceOrientationPortraitUpsideDown UIInterfaceOrientationLandscapeLeft UIInterfaceOrientationLandscapeRight";
				INFOPLIST_KEY_UISupportedInterfaceOrientations_iPhone = "UIInterfaceOrientationPortrait UIInterfaceOrientationLandscapeLeft UIInterfaceOrientationLandscapeRight";
				IPHONEOS_DEPLOYMENT_TARGET = 14.5;
				LD_RUNPATH_SEARCH_PATHS = (
					"$(inherited)",
					"@executable_path/Frameworks",
				);
				MARKETING_VERSION = 1.0;
				PRODUCT_BUNDLE_IDENTIFIER = dev.staceymoore.SimplyNews;
				PRODUCT_NAME = "$(TARGET_NAME)";
				SWIFT_EMIT_LOC_STRINGS = YES;
				SWIFT_VERSION = 5.0;
				TARGETED_DEVICE_FAMILY = 1;
			};
			name = Release;
		};
/* End XCBuildConfiguration section */

/* Begin XCConfigurationList section */
		01207BC0270A6D5200E363F3 /* Build configuration list for PBXProject "SimplyNews" */ = {
			isa = XCConfigurationList;
			buildConfigurations = (
				01207BD7270A6D5700E363F3 /* Debug */,
				01207BD8270A6D5700E363F3 /* Release */,
			);
			defaultConfigurationIsVisible = 0;
			defaultConfigurationName = Release;
		};
		01207BD9270A6D5700E363F3 /* Build configuration list for PBXNativeTarget "SimplyNews" */ = {
			isa = XCConfigurationList;
			buildConfigurations = (
				01207BDA270A6D5700E363F3 /* Debug */,
				01207BDB270A6D5700E363F3 /* Release */,
			);
			defaultConfigurationIsVisible = 0;
			defaultConfigurationName = Release;
		};
/* End XCConfigurationList section */
	};
	rootObject = 01207BBD270A6D5200E363F3 /* Project object */;
}
